{
  "name": "was-common",
  "lockfileVersion": 2,
  "requires": true,
  "packages": {
    "": {
      "dependencies": {
        "@sinclair/typebox": "^0.20.5"
      }
    },
    "node_modules/@sinclair/typebox": {
      "version": "0.20.5",
      "resolved": "https://registry.npmjs.org/@sinclair/typebox/-/typebox-0.20.5.tgz",
      "integrity": "sha512-WNiVFcS1rdz5KyEutpl3Wmp/AwSQHBUFTyJz7KqMLkpLhOXCj1dnvMytBM6uMS5OTwhwwq877T7EC4vDGrX5Eg=="
    }
  },
  "dependencies": {
    "@sinclair/typebox": {
      "version": "0.20.5",
      "resolved": "https://registry.npmjs.org/@sinclair/typebox/-/typebox-0.20.5.tgz",
      "integrity": "sha512-WNiVFcS1rdz5KyEutpl3Wmp/AwSQHBUFTyJz7KqMLkpLhOXCj1dnvMytBM6uMS5OTwhwwq877T7EC4vDGrX5Eg=="
    }
  }
}
